
Microsoft Visual Studio Solution File, Format Version 12.00
# Visual Studio Version 16
VisualStudioVersion = 16.0.29306.81
MinimumVisualStudioVersion = 10.0.40219.1
Project("{FAE04EC0-301F-11D3-BF4B-00C04F79EFBC}") = "SwitchProjectWinForms", "CSharpLab2\SwitchProjectWinForms.csproj", "{A248EE7E-D2FD-4C06-84C8-3ED4961BE86B}"
EndProject
Global
	GlobalSection(SolutionConfigurationPlatforms) = preSolution
		Debug|Any CPU = Debug|Any CPU
		Release|Any CPU = Release|Any CPU
	EndGlobalSection
	GlobalSection(ProjectConfigurationPlatforms) = postSolution
		{A248EE7E-D2FD-4C06-84C8-3ED4961BE86B}.Debug|Any CPU.ActiveCfg = Debug|Any CPU
		{A248EE7E-D2FD-4C06-84C8-3ED4961BE86B}.Debug|Any CPU.Build.0 = Debug|Any CPU
		{A248EE7E-D2FD-4C06-84C8-3ED4961BE86B}.Release|Any CPU.ActiveCfg = Release|Any CPU
		{A248EE7E-D2FD-4C06-84C8-3ED4961BE86B}.Release|Any CPU.Build.0 = Release|Any CPU
	EndGlobalSection
	GlobalSection(SolutionProperties) = preSolution
		HideSolutionNode = FALSE
	EndGlobalSection
	GlobalSection(ExtensibilityGlobals) = postSolution
		SolutionGuid = {0C0043DB-22D2-4C36-932A-49C1C8904680}
	EndGlobalSection
EndGlobal
